# This file is automatically @generated by Cargo.
# It is not intended for manual editing.
version = 4

[[package]]
name = "marv-cli"
version = "0.0.0"
dependencies = [
 "marv-syntax",
]

[[package]]
name = "marv-codegen-cl"
version = "0.0.0"

[[package]]
name = "marv-codegen-llvm"
version = "0.0.0"

[[package]]
name = "marv-codegen-wasm"
version = "0.0.0"

[[package]]
name = "marv-core"
version = "0.0.0"

[[package]]
name = "marv-db"
version = "0.0.0"

[[package]]
name = "marv-interp"
version = "0.0.0"

[[package]]
name = "marv-server"
version = "0.0.0"

[[package]]
name = "marv-store"
version = "0.0.0"

[[package]]
name = "marv-syntax"
version = "0.0.0"

[[package]]
name = "marv-types"
version = "0.0.0"

[[package]]
name = "marv-verify"
version = "0.0.0"
